
Microsoft Visual Studio Solution File, Format Version 12.00
# Visual Studio Version 16
VisualStudioVersion = 16.0.31313.79
MinimumVisualStudioVersion = 10.0.40219.1
Project("{FAE04EC0-301F-11D3-BF4B-00C04F79EFBC}") = "RECIManagementSoftware", "RECIManagementSoftware\RECIManagementSoftware.csproj", "{1493D926-1F4C-4BFB-ADFA-66266A1CEAF5}"
EndProject
Global
	GlobalSection(SolutionConfigurationPlatforms) = preSolution
		Debug|Any CPU = Debug|Any CPU
		Release|Any CPU = Release|Any CPU
	EndGlobalSection
	GlobalSection(ProjectConfigurationPlatforms) = postSolution
		{1493D926-1F4C-4BFB-ADFA-66266A1CEAF5}.Debug|Any CPU.ActiveCfg = Debug|Any CPU
		{1493D926-1F4C-4BFB-ADFA-66266A1CEAF5}.Debug|Any CPU.Build.0 = Debug|Any CPU
		{1493D926-1F4C-4BFB-ADFA-66266A1CEAF5}.Release|Any CPU.ActiveCfg = Release|Any CPU
		{1493D926-1F4C-4BFB-ADFA-66266A1CEAF5}.Release|Any CPU.Build.0 = Release|Any CPU
	EndGlobalSection
	GlobalSection(SolutionProperties) = preSolution
		HideSolutionNode = FALSE
	EndGlobalSection
	GlobalSection(ExtensibilityGlobals) = postSolution
		SolutionGuid = {FD6BC592-DCCA-4CE4-9774-101CFB9E086F}
	EndGlobalSection
EndGlobal
